# This file is automatically @generated by Cargo.
# It is not intended for manual editing.
version = 4

[[package]]
name = "calculator-example"
version = "0.1.0"
dependencies = [
 "prism-calculator",
]

[[package]]
name = "prism-calculator"
version = "0.1.0"
source = "registry+https://github.com/rust-lang/crates.io-index"
checksum = "bd30defc579454a161692a038dc63039a235777b5ac9ae027d3319630aca1d7b"
dependencies = [
 "prism-stdlib",
]

[[package]]
name = "prism-stdlib"
version = "0.1.0"
source = "registry+https://github.com/rust-lang/crates.io-index"
checksum = "96e41ec1793d75db04ef12224d685a67ee8451d5a034e3bcb7a51ebc1ea91f4d"
